
Microsoft Visual Studio Solution File, Format Version 12.00
# Visual Studio Version 17
VisualStudioVersion = 17.11.35303.130
MinimumVisualStudioVersion = 10.0.40219.1
Project("{FAE04EC0-301F-11D3-BF4B-00C04F79EFBC}") = "BugTest", "BugTest\BugTest.csproj", "{1D521AA9-8DBB-408C-A41C-B07C7CEC2541}"
EndProject
Global
	GlobalSection(SolutionConfigurationPlatforms) = preSolution
		Debug|Any CPU = Debug|Any CPU
		Release|Any CPU = Release|Any CPU
	EndGlobalSection
	GlobalSection(ProjectConfigurationPlatforms) = postSolution
		{1D521AA9-8DBB-408C-A41C-B07C7CEC2541}.Debug|Any CPU.ActiveCfg = Debug|Any CPU
		{1D521AA9-8DBB-408C-A41C-B07C7CEC2541}.Debug|Any CPU.Build.0 = Debug|Any CPU
		{1D521AA9-8DBB-408C-A41C-B07C7CEC2541}.Release|Any CPU.ActiveCfg = Release|Any CPU
		{1D521AA9-8DBB-408C-A41C-B07C7CEC2541}.Release|Any CPU.Build.0 = Release|Any CPU
	EndGlobalSection
	GlobalSection(SolutionProperties) = preSolution
		HideSolutionNode = FALSE
	EndGlobalSection
	GlobalSection(ExtensibilityGlobals) = postSolution
		SolutionGuid = {4431CCFC-F7CD-4667-AD71-35D209D603EA}
	EndGlobalSection
EndGlobal
